
Microsoft Visual Studio Solution File, Format Version 12.00
# Visual Studio Version 17
VisualStudioVersion = 17.11.35208.52
MinimumVisualStudioVersion = 10.0.40219.1
Project("{FAE04EC0-301F-11D3-BF4B-00C04F79EFBC}") = "Proect_practika_leto", "Proect_practika_leto\Proect_practika_leto.csproj", "{93E57955-0EBA-46A1-B92E-90D93ACF7DE5}"
EndProject
Global
	GlobalSection(SolutionConfigurationPlatforms) = preSolution
		Debug|Any CPU = Debug|Any CPU
		Release|Any CPU = Release|Any CPU
	EndGlobalSection
	GlobalSection(ProjectConfigurationPlatforms) = postSolution
		{93E57955-0EBA-46A1-B92E-90D93ACF7DE5}.Debug|Any CPU.ActiveCfg = Debug|Any CPU
		{93E57955-0EBA-46A1-B92E-90D93ACF7DE5}.Debug|Any CPU.Build.0 = Debug|Any CPU
		{93E57955-0EBA-46A1-B92E-90D93ACF7DE5}.Release|Any CPU.ActiveCfg = Release|Any CPU
		{93E57955-0EBA-46A1-B92E-90D93ACF7DE5}.Release|Any CPU.Build.0 = Release|Any CPU
	EndGlobalSection
	GlobalSection(SolutionProperties) = preSolution
		HideSolutionNode = FALSE
	EndGlobalSection
	GlobalSection(ExtensibilityGlobals) = postSolution
		SolutionGuid = {14064722-64D5-4B89-AAA1-B5308B04841B}
	EndGlobalSection
EndGlobal
